// !$*UTF8*$!
{
	archiveVersion = 1;
	classes = {
	};
	objectVersion = 56;
	objects = {

/* Begin PBXBuildFile section */
		FB88B11A2B33761C0082DE1D /* AppDelegate.swift in Sources */ = {isa = PBXBuildFile; fileRef = FB88B1192B33761C0082DE1D /* AppDelegate.swift */; };
		FB88B11C2B33761C0082DE1D /* SceneDelegate.swift in Sources */ = {isa = PBXBuildFile; fileRef = FB88B11B2B33761C0082DE1D /* SceneDelegate.swift */; };
		FB88B1232B33761D0082DE1D /* Assets.xcassets in Resources */ = {isa = PBXBuildFile; fileRef = FB88B1222B33761D0082DE1D /* Assets.xcassets */; };
		FB88B1262B33761D0082DE1D /* LaunchScreen.storyboard in Resources */ = {isa = PBXBuildFile; fileRef = FB88B1242B33761D0082DE1D /* LaunchScreen.storyboard */; };
		FB88B12F2B337CBA0082DE1D /* RMCharactersVC.swift in Sources */ = {isa = PBXBuildFile; fileRef = FB88B12E2B337CBA0082DE1D /* RMCharactersVC.swift */; };
		FB88B1312B337CCC0082DE1D /* RMLocationsVC.swift in Sources */ = {isa = PBXBuildFile; fileRef = FB88B1302B337CCC0082DE1D /* RMLocationsVC.swift */; };
		FB88B1332B337CDA0082DE1D /* RMFavoritesVC.swift in Sources */ = {isa = PBXBuildFile; fileRef = FB88B1322B337CDA0082DE1D /* RMFavoritesVC.swift */; };
		FB88B1352B3381030082DE1D /* RMButton.swift in Sources */ = {isa = PBXBuildFile; fileRef = FB88B1342B3381030082DE1D /* RMButton.swift */; };
		FB9C25632B34B63100E4C9B1 /* RMTitleLabel.swift in Sources */ = {isa = PBXBuildFile; fileRef = FB9C25622B34B63100E4C9B1 /* RMTitleLabel.swift */; };
		FB9C25652B34B67A00E4C9B1 /* RMBodyLabel.swift in Sources */ = {isa = PBXBuildFile; fileRef = FB9C25642B34B67A00E4C9B1 /* RMBodyLabel.swift */; };
		FB9C256C2B34B85800E4C9B1 /* RMAlertVC.swift in Sources */ = {isa = PBXBuildFile; fileRef = FB9C256B2B34B85800E4C9B1 /* RMAlertVC.swift */; };
		FB9C256F2B34B88600E4C9B1 /* RMContainerView.swift in Sources */ = {isa = PBXBuildFile; fileRef = FB9C256E2B34B88600E4C9B1 /* RMContainerView.swift */; };
		FB9C25742B34BF2400E4C9B1 /* UViewController+Extensions.swift in Sources */ = {isa = PBXBuildFile; fileRef = FB9C25732B34BF2400E4C9B1 /* UViewController+Extensions.swift */; };
		FB9C25772B34C42200E4C9B1 /* Character.swift in Sources */ = {isa = PBXBuildFile; fileRef = FB9C25762B34C42200E4C9B1 /* Character.swift */; };
		FB9C25792B34C42B00E4C9B1 /* Info.swift in Sources */ = {isa = PBXBuildFile; fileRef = FB9C25782B34C42B00E4C9B1 /* Info.swift */; };
		FB9C257B2B34C43300E4C9B1 /* Results.swift in Sources */ = {isa = PBXBuildFile; fileRef = FB9C257A2B34C43300E4C9B1 /* Results.swift */; };
		FB9C257D2B34C49200E4C9B1 /* Origin.swift in Sources */ = {isa = PBXBuildFile; fileRef = FB9C257C2B34C49200E4C9B1 /* Origin.swift */; };
		FB9C25812B34C4D500E4C9B1 /* Location.swift in Sources */ = {isa = PBXBuildFile; fileRef = FB9C25802B34C4D500E4C9B1 /* Location.swift */; };
		FB9C25842B34C62300E4C9B1 /* NetworkManager.swift in Sources */ = {isa = PBXBuildFile; fileRef = FB9C25832B34C62300E4C9B1 /* NetworkManager.swift */; };
/* End PBXBuildFile section */

/* Begin PBXFileReference section */
		FB88B1162B33761C0082DE1D /* RickAndMortyApp.app */ = {isa = PBXFileReference; explicitFileType = wrapper.application; includeInIndex = 0; path = RickAndMortyApp.app; sourceTree = BUILT_PRODUCTS_DIR; };
		FB88B1192B33761C0082DE1D /* AppDelegate.swift */ = {isa = PBXFileReference; lastKnownFileType = sourcecode.swift; path = AppDelegate.swift; sourceTree = "<group>"; };
		FB88B11B2B33761C0082DE1D /* SceneDelegate.swift */ = {isa = PBXFileReference; lastKnownFileType = sourcecode.swift; path = SceneDelegate.swift; sourceTree = "<group>"; };
		FB88B1222B33761D0082DE1D /* Assets.xcassets */ = {isa = PBXFileReference; lastKnownFileType = folder.assetcatalog; path = Assets.xcassets; sourceTree = "<group>"; };
		FB88B1252B33761D0082DE1D /* Base */ = {isa = PBXFileReference; lastKnownFileType = file.storyboard; name = Base; path = Base.lproj/LaunchScreen.storyboard; sourceTree = "<group>"; };
		FB88B1272B33761D0082DE1D /* Info.plist */ = {isa = PBXFileReference; lastKnownFileType = text.plist.xml; path = Info.plist; sourceTree = "<group>"; };
		FB88B12E2B337CBA0082DE1D /* RMCharactersVC.swift */ = {isa = PBXFileReference; lastKnownFileType = sourcecode.swift; path = RMCharactersVC.swift; sourceTree = "<group>"; };
		FB88B1302B337CCC0082DE1D /* RMLocationsVC.swift */ = {isa = PBXFileReference; lastKnownFileType = sourcecode.swift; path = RMLocationsVC.swift; sourceTree = "<group>"; };
		FB88B1322B337CDA0082DE1D /* RMFavoritesVC.swift */ = {isa = PBXFileReference; lastKnownFileType = sourcecode.swift; path = RMFavoritesVC.swift; sourceTree = "<group>"; };
		FB88B1342B3381030082DE1D /* RMButton.swift */ = {isa = PBXFileReference; lastKnownFileType = sourcecode.swift; path = RMButton.swift; sourceTree = "<group>"; };
		FB9C25622B34B63100E4C9B1 /* RMTitleLabel.swift */ = {isa = PBXFileReference; lastKnownFileType = sourcecode.swift; path = RMTitleLabel.swift; sourceTree = "<group>"; };
		FB9C25642B34B67A00E4C9B1 /* RMBodyLabel.swift */ = {isa = PBXFileReference; lastKnownFileType = sourcecode.swift; path = RMBodyLabel.swift; sourceTree = "<group>"; };
		FB9C256B2B34B85800E4C9B1 /* RMAlertVC.swift */ = {isa = PBXFileReference; lastKnownFileType = sourcecode.swift; path = RMAlertVC.swift; sourceTree = "<group>"; };
		FB9C256E2B34B88600E4C9B1 /* RMContainerView.swift */ = {isa = PBXFileReference; lastKnownFileType = sourcecode.swift; path = RMContainerView.swift; sourceTree = "<group>"; };
		FB9C25732B34BF2400E4C9B1 /* UViewController+Extensions.swift */ = {isa = PBXFileReference; lastKnownFileType = sourcecode.swift; path = "UViewController+Extensions.swift"; sourceTree = "<group>"; };
		FB9C25762B34C42200E4C9B1 /* Character.swift */ = {isa = PBXFileReference; lastKnownFileType = sourcecode.swift; path = Character.swift; sourceTree = "<group>"; };
		FB9C25782B34C42B00E4C9B1 /* Info.swift */ = {isa = PBXFileReference; lastKnownFileType = sourcecode.swift; path = Info.swift; sourceTree = "<group>"; };
		FB9C257A2B34C43300E4C9B1 /* Results.swift */ = {isa = PBXFileReference; lastKnownFileType = sourcecode.swift; path = Results.swift; sourceTree = "<group>"; };
		FB9C257C2B34C49200E4C9B1 /* Origin.swift */ = {isa = PBXFileReference; lastKnownFileType = sourcecode.swift; path = Origin.swift; sourceTree = "<group>"; };
		FB9C25802B34C4D500E4C9B1 /* Location.swift */ = {isa = PBXFileReference; lastKnownFileType = sourcecode.swift; path = Location.swift; sourceTree = "<group>"; };
		FB9C25832B34C62300E4C9B1 /* NetworkManager.swift */ = {isa = PBXFileReference; lastKnownFileType = sourcecode.swift; path = NetworkManager.swift; sourceTree = "<group>"; };
/* End PBXFileReference section */

/* Begin PBXFrameworksBuildPhase section */
		FB88B1132B33761C0082DE1D /* Frameworks */ = {
			isa = PBXFrameworksBuildPhase;
			buildActionMask = 2147483647;
			files = (
			);
			runOnlyForDeploymentPostprocessing = 0;
		};
/* End PBXFrameworksBuildPhase section */

/* Begin PBXGroup section */
		FB88B10D2B33761C0082DE1D = {
			isa = PBXGroup;
			children = (
				FB88B1182B33761C0082DE1D /* RickAndMortyApp */,
				FB88B1172B33761C0082DE1D /* Products */,
			);
			sourceTree = "<group>";
		};
		FB88B1172B33761C0082DE1D /* Products */ = {
			isa = PBXGroup;
			children = (
				FB88B1162B33761C0082DE1D /* RickAndMortyApp.app */,
			);
			name = Products;
			sourceTree = "<group>";
		};
		FB88B1182B33761C0082DE1D /* RickAndMortyApp */ = {
			isa = PBXGroup;
			children = (
				FB9C25752B34C3CE00E4C9B1 /* Models */,
				FB9C25822B34C61100E4C9B1 /* Managers */,
				FB9C25682B34B7EA00E4C9B1 /* Support */,
				FB9C25702B34BECC00E4C9B1 /* Extensions */,
				FB9C255E2B34B5FD00E4C9B1 /* Customs */,
				FB9C25692B34B80200E4C9B1 /* Screens */,
			);
			path = RickAndMortyApp;
			sourceTree = "<group>";
		};
		FB9C255E2B34B5FD00E4C9B1 /* Customs */ = {
			isa = PBXGroup;
			children = (
				FB9C256D2B34B85B00E4C9B1 /* Views */,
				FB9C256A2B34B82100E4C9B1 /* ViewControllers */,
				FB9C25612B34B61500E4C9B1 /* Labels */,
				FB9C255F2B34B60400E4C9B1 /* Buttons */,
			);
			path = Customs;
			sourceTree = "<group>";
		};
		FB9C255F2B34B60400E4C9B1 /* Buttons */ = {
			isa = PBXGroup;
			children = (
				FB88B1342B3381030082DE1D /* RMButton.swift */,
			);
			path = Buttons;
			sourceTree = "<group>";
		};
		FB9C25612B34B61500E4C9B1 /* Labels */ = {
			isa = PBXGroup;
			children = (
				FB9C25622B34B63100E4C9B1 /* RMTitleLabel.swift */,
				FB9C25642B34B67A00E4C9B1 /* RMBodyLabel.swift */,
			);
			path = Labels;
			sourceTree = "<group>";
		};
		FB9C25682B34B7EA00E4C9B1 /* Support */ = {
			isa = PBXGroup;
			children = (
				FB88B1192B33761C0082DE1D /* AppDelegate.swift */,
				FB88B11B2B33761C0082DE1D /* SceneDelegate.swift */,
				FB88B1222B33761D0082DE1D /* Assets.xcassets */,
				FB88B1242B33761D0082DE1D /* LaunchScreen.storyboard */,
				FB88B1272B33761D0082DE1D /* Info.plist */,
			);
			name = Support;
			sourceTree = "<group>";
		};
		FB9C25692B34B80200E4C9B1 /* Screens */ = {
			isa = PBXGroup;
			children = (
				FB88B12E2B337CBA0082DE1D /* RMCharactersVC.swift */,
				FB88B1302B337CCC0082DE1D /* RMLocationsVC.swift */,
				FB88B1322B337CDA0082DE1D /* RMFavoritesVC.swift */,
			);
			path = Screens;
			sourceTree = "<group>";
		};
		FB9C256A2B34B82100E4C9B1 /* ViewControllers */ = {
			isa = PBXGroup;
			children = (
				FB9C256B2B34B85800E4C9B1 /* RMAlertVC.swift */,
			);
			path = ViewControllers;
			sourceTree = "<group>";
		};
		FB9C256D2B34B85B00E4C9B1 /* Views */ = {
			isa = PBXGroup;
			children = (
				FB9C256E2B34B88600E4C9B1 /* RMContainerView.swift */,
			);
			path = Views;
			sourceTree = "<group>";
		};
		FB9C25702B34BECC00E4C9B1 /* Extensions */ = {
			isa = PBXGroup;
			children = (
				FB9C25732B34BF2400E4C9B1 /* UViewController+Extensions.swift */,
			);
			path = Extensions;
			sourceTree = "<group>";
		};
		FB9C25752B34C3CE00E4C9B1 /* Models */ = {
			isa = PBXGroup;
			children = (
				FB9C25762B34C42200E4C9B1 /* Character.swift */,
				FB9C25782B34C42B00E4C9B1 /* Info.swift */,
				FB9C257A2B34C43300E4C9B1 /* Results.swift */,
				FB9C257C2B34C49200E4C9B1 /* Origin.swift */,
				FB9C25802B34C4D500E4C9B1 /* Location.swift */,
			);
			path = Models;
			sourceTree = "<group>";
		};
		FB9C25822B34C61100E4C9B1 /* Managers */ = {
			isa = PBXGroup;
			children = (
				FB9C25832B34C62300E4C9B1 /* NetworkManager.swift */,
			);
			path = Managers;
			sourceTree = "<group>";
		};
/* End PBXGroup section */

/* Begin PBXNativeTarget section */
		FB88B1152B33761C0082DE1D /* RickAndMortyApp */ = {
			isa = PBXNativeTarget;
			buildConfigurationList = FB88B12A2B33761D0082DE1D /* Build configuration list for PBXNativeTarget "RickAndMortyApp" */;
			buildPhases = (
				FB88B1122B33761C0082DE1D /* Sources */,
				FB88B1132B33761C0082DE1D /* Frameworks */,
				FB88B1142B33761C0082DE1D /* Resources */,
			);
			buildRules = (
			);
			dependencies = (
			);
			name = RickAndMortyApp;
			productName = RickAndMortyApp;
			productReference = FB88B1162B33761C0082DE1D /* RickAndMortyApp.app */;
			productType = "com.apple.product-type.application";
		};
/* End PBXNativeTarget section */

/* Begin PBXProject section */
		FB88B10E2B33761C0082DE1D /* Project object */ = {
			isa = PBXProject;
			attributes = {
				BuildIndependentTargetsInParallel = 1;
				LastSwiftUpdateCheck = 1500;
				LastUpgradeCheck = 1500;
				TargetAttributes = {
					FB88B1152B33761C0082DE1D = {
						CreatedOnToolsVersion = 15.0.1;
					};
				};
			};
			buildConfigurationList = FB88B1112B33761C0082DE1D /* Build configuration list for PBXProject "RickAndMortyApp" */;
			compatibilityVersion = "Xcode 14.0";
			developmentRegion = en;
			hasScannedForEncodings = 0;
			knownRegions = (
				en,
				Base,
			);
			mainGroup = FB88B10D2B33761C0082DE1D;
			productRefGroup = FB88B1172B33761C0082DE1D /* Products */;
			projectDirPath = "";
			projectRoot = "";
			targets = (
				FB88B1152B33761C0082DE1D /* RickAndMortyApp */,
			);
		};
/* End PBXProject section */

/* Begin PBXResourcesBuildPhase section */
		FB88B1142B33761C0082DE1D /* Resources */ = {
			isa = PBXResourcesBuildPhase;
			buildActionMask = 2147483647;
			files = (
				FB88B1262B33761D0082DE1D /* LaunchScreen.storyboard in Resources */,
				FB88B1232B33761D0082DE1D /* Assets.xcassets in Resources */,
			);
			runOnlyForDeploymentPostprocessing = 0;
		};
/* End PBXResourcesBuildPhase section */

/* Begin PBXSourcesBuildPhase section */
		FB88B1122B33761C0082DE1D /* Sources */ = {
			isa = PBXSourcesBuildPhase;
			buildActionMask = 2147483647;
			files = (
				FB88B11A2B33761C0082DE1D /* AppDelegate.swift in Sources */,
				FB9C25652B34B67A00E4C9B1 /* RMBodyLabel.swift in Sources */,
				FB9C25812B34C4D500E4C9B1 /* Location.swift in Sources */,
				FB9C256C2B34B85800E4C9B1 /* RMAlertVC.swift in Sources */,
				FB9C25792B34C42B00E4C9B1 /* Info.swift in Sources */,
				FB9C25772B34C42200E4C9B1 /* Character.swift in Sources */,
				FB88B1332B337CDA0082DE1D /* RMFavoritesVC.swift in Sources */,
				FB9C25632B34B63100E4C9B1 /* RMTitleLabel.swift in Sources */,
				FB88B1352B3381030082DE1D /* RMButton.swift in Sources */,
				FB9C25742B34BF2400E4C9B1 /* UViewController+Extensions.swift in Sources */,
				FB9C25842B34C62300E4C9B1 /* NetworkManager.swift in Sources */,
				FB88B12F2B337CBA0082DE1D /* RMCharactersVC.swift in Sources */,
				FB9C257B2B34C43300E4C9B1 /* Results.swift in Sources */,
				FB88B1312B337CCC0082DE1D /* RMLocationsVC.swift in Sources */,
				FB88B11C2B33761C0082DE1D /* SceneDelegate.swift in Sources */,
				FB9C256F2B34B88600E4C9B1 /* RMContainerView.swift in Sources */,
				FB9C257D2B34C49200E4C9B1 /* Origin.swift in Sources */,
			);
			runOnlyForDeploymentPostprocessing = 0;
		};
/* End PBXSourcesBuildPhase section */

/* Begin PBXVariantGroup section */
		FB88B1242B33761D0082DE1D /* LaunchScreen.storyboard */ = {
			isa = PBXVariantGroup;
			children = (
				FB88B1252B33761D0082DE1D /* Base */,
			);
			name = LaunchScreen.storyboard;
			sourceTree = "<group>";
		};
/* End PBXVariantGroup section */

/* Begin XCBuildConfiguration section */
		FB88B1282B33761D0082DE1D /* Debug */ = {
			isa = XCBuildConfiguration;
			buildSettings = {
				ALWAYS_SEARCH_USER_PATHS = NO;
				ASSETCATALOG_COMPILER_GENERATE_SWIFT_ASSET_SYMBOL_EXTENSIONS = YES;
				CLANG_ANALYZER_NONNULL = YES;
				CLANG_ANALYZER_NUMBER_OBJECT_CONVERSION = YES_AGGRESSIVE;
				CLANG_CXX_LANGUAGE_STANDARD = "gnu++20";
				CLANG_ENABLE_MODULES = YES;
				CLANG_ENABLE_OBJC_ARC = YES;
				CLANG_ENABLE_OBJC_WEAK = YES;
				CLANG_WARN_BLOCK_CAPTURE_AUTORELEASING = YES;
				CLANG_WARN_BOOL_CONVERSION = YES;
				CLANG_WARN_COMMA = YES;
				CLANG_WARN_CONSTANT_CONVERSION = YES;
				CLANG_WARN_DEPRECATED_OBJC_IMPLEMENTATIONS = YES;
				CLANG_WARN_DIRECT_OBJC_ISA_USAGE = YES_ERROR;
				CLANG_WARN_DOCUMENTATION_COMMENTS = YES;
				CLANG_WARN_EMPTY_BODY = YES;
				CLANG_WARN_ENUM_CONVERSION = YES;
				CLANG_WARN_INFINITE_RECURSION = YES;
				CLANG_WARN_INT_CONVERSION = YES;
				CLANG_WARN_NON_LITERAL_NULL_CONVERSION = YES;
				CLANG_WARN_OBJC_IMPLICIT_RETAIN_SELF = YES;
				CLANG_WARN_OBJC_LITERAL_CONVERSION = YES;
				CLANG_WARN_OBJC_ROOT_CLASS = YES_ERROR;
				CLANG_WARN_QUOTED_INCLUDE_IN_FRAMEWORK_HEADER = YES;
				CLANG_WARN_RANGE_LOOP_ANALYSIS = YES;
				CLANG_WARN_STRICT_PROTOTYPES = YES;
				CLANG_WARN_SUSPICIOUS_MOVE = YES;
				CLANG_WARN_UNGUARDED_AVAILABILITY = YES_AGGRESSIVE;
				CLANG_WARN_UNREACHABLE_CODE = YES;
				CLANG_WARN__DUPLICATE_METHOD_MATCH = YES;
				COPY_PHASE_STRIP = NO;
				DEBUG_INFORMATION_FORMAT = dwarf;
				ENABLE_STRICT_OBJC_MSGSEND = YES;
				ENABLE_TESTABILITY = YES;
				ENABLE_USER_SCRIPT_SANDBOXING = YES;
				GCC_C_LANGUAGE_STANDARD = gnu17;
				GCC_DYNAMIC_NO_PIC = NO;
				GCC_NO_COMMON_BLOCKS = YES;
				GCC_OPTIMIZATION_LEVEL = 0;
				GCC_PREPROCESSOR_DEFINITIONS = (
					"DEBUG=1",
					"$(inherited)",
				);
				GCC_WARN_64_TO_32_BIT_CONVERSION = YES;
				GCC_WARN_ABOUT_RETURN_TYPE = YES_ERROR;
				GCC_WARN_UNDECLARED_SELECTOR = YES;
				GCC_WARN_UNINITIALIZED_AUTOS = YES_AGGRESSIVE;
				GCC_WARN_UNUSED_FUNCTION = YES;
				GCC_WARN_UNUSED_VARIABLE = YES;
				IPHONEOS_DEPLOYMENT_TARGET = 17.0;
				LOCALIZATION_PREFERS_STRING_CATALOGS = YES;
				MTL_ENABLE_DEBUG_INFO = INCLUDE_SOURCE;
				MTL_FAST_MATH = YES;
				ONLY_ACTIVE_ARCH = YES;
				SDKROOT = iphoneos;
				SWIFT_ACTIVE_COMPILATION_CONDITIONS = "DEBUG $(inherited)";
				SWIFT_OPTIMIZATION_LEVEL = "-Onone";
			};
			name = Debug;
		};
		FB88B1292B33761D0082DE1D /* Release */ = {
			isa = XCBuildConfiguration;
			buildSettings = {
				ALWAYS_SEARCH_USER_PATHS = NO;
				ASSETCATALOG_COMPILER_GENERATE_SWIFT_ASSET_SYMBOL_EXTENSIONS = YES;
				CLANG_ANALYZER_NONNULL = YES;
				CLANG_ANALYZER_NUMBER_OBJECT_CONVERSION = YES_AGGRESSIVE;
				CLANG_CXX_LANGUAGE_STANDARD = "gnu++20";
				CLANG_ENABLE_MODULES = YES;
				CLANG_ENABLE_OBJC_ARC = YES;
				CLANG_ENABLE_OBJC_WEAK = YES;
				CLANG_WARN_BLOCK_CAPTURE_AUTORELEASING = YES;
				CLANG_WARN_BOOL_CONVERSION = YES;
				CLANG_WARN_COMMA = YES;
				CLANG_WARN_CONSTANT_CONVERSION = YES;
				CLANG_WARN_DEPRECATED_OBJC_IMPLEMENTATIONS = YES;
				CLANG_WARN_DIRECT_OBJC_ISA_USAGE = YES_ERROR;
				CLANG_WARN_DOCUMENTATION_COMMENTS = YES;
				CLANG_WARN_EMPTY_BODY = YES;
				CLANG_WARN_ENUM_CONVERSION = YES;
				CLANG_WARN_INFINITE_RECURSION = YES;
				CLANG_WARN_INT_CONVERSION = YES;
				CLANG_WARN_NON_LITERAL_NULL_CONVERSION = YES;
				CLANG_WARN_OBJC_IMPLICIT_RETAIN_SELF = YES;
				CLANG_WARN_OBJC_LITERAL_CONVERSION = YES;
				CLANG_WARN_OBJC_ROOT_CLASS = YES_ERROR;
				CLANG_WARN_QUOTED_INCLUDE_IN_FRAMEWORK_HEADER = YES;
				CLANG_WARN_RANGE_LOOP_ANALYSIS = YES;
				CLANG_WARN_STRICT_PROTOTYPES = YES;
				CLANG_WARN_SUSPICIOUS_MOVE = YES;
				CLANG_WARN_UNGUARDED_AVAILABILITY = YES_AGGRESSIVE;
				CLANG_WARN_UNREACHABLE_CODE = YES;
				CLANG_WARN__DUPLICATE_METHOD_MATCH = YES;
				COPY_PHASE_STRIP = NO;
				DEBUG_INFORMATION_FORMAT = "dwarf-with-dsym";
				ENABLE_NS_ASSERTIONS = NO;
				ENABLE_STRICT_OBJC_MSGSEND = YES;
				ENABLE_USER_SCRIPT_SANDBOXING = YES;
				GCC_C_LANGUAGE_STANDARD = gnu17;
				GCC_NO_COMMON_BLOCKS = YES;
				GCC_WARN_64_TO_32_BIT_CONVERSION = YES;
				GCC_WARN_ABOUT_RETURN_TYPE = YES_ERROR;
				GCC_WARN_UNDECLARED_SELECTOR = YES;
				GCC_WARN_UNINITIALIZED_AUTOS = YES_AGGRESSIVE;
				GCC_WARN_UNUSED_FUNCTION = YES;
				GCC_WARN_UNUSED_VARIABLE = YES;
				IPHONEOS_DEPLOYMENT_TARGET = 17.0;
				LOCALIZATION_PREFERS_STRING_CATALOGS = YES;
				MTL_ENABLE_DEBUG_INFO = NO;
				MTL_FAST_MATH = YES;
				SDKROOT = iphoneos;
				SWIFT_COMPILATION_MODE = wholemodule;
				VALIDATE_PRODUCT = YES;
			};
			name = Release;
		};
		FB88B12B2B33761D0082DE1D /* Debug */ = {
			isa = XCBuildConfiguration;
			buildSettings = {
				ASSETCATALOG_COMPILER_APPICON_NAME = AppIcon;
				ASSETCATALOG_COMPILER_GLOBAL_ACCENT_COLOR_NAME = AccentColor;
				CODE_SIGN_STYLE = Automatic;
				CURRENT_PROJECT_VERSION = 1;
				DEVELOPMENT_TEAM = 29LG774JBH;
				GENERATE_INFOPLIST_FILE = YES;
				INFOPLIST_FILE = RickAndMortyApp/Info.plist;
				INFOPLIST_KEY_UIApplicationSupportsIndirectInputEvents = YES;
				INFOPLIST_KEY_UILaunchStoryboardName = LaunchScreen;
				INFOPLIST_KEY_UIMainStoryboardFile = "";
				INFOPLIST_KEY_UISupportedInterfaceOrientations_iPad = "UIInterfaceOrientationPortrait UIInterfaceOrientationPortraitUpsideDown UIInterfaceOrientationLandscapeLeft UIInterfaceOrientationLandscapeRight";
				INFOPLIST_KEY_UISupportedInterfaceOrientations_iPhone = "UIInterfaceOrientationPortrait UIInterfaceOrientationLandscapeLeft UIInterfaceOrientationLandscapeRight";
				LD_RUNPATH_SEARCH_PATHS = (
					"$(inherited)",
					"@executable_path/Frameworks",
				);
				MARKETING_VERSION = 1.0;
				PRODUCT_BUNDLE_IDENTIFIER = com.Deneme.RickAndMortyApp;
				PRODUCT_NAME = "$(TARGET_NAME)";
				SWIFT_EMIT_LOC_STRINGS = YES;
				SWIFT_VERSION = 5.0;
				TARGETED_DEVICE_FAMILY = "1,2";
			};
			name = Debug;
		};
		FB88B12C2B33761D0082DE1D /* Release */ = {
			isa = XCBuildConfiguration;
			buildSettings = {
				ASSETCATALOG_COMPILER_APPICON_NAME = AppIcon;
				ASSETCATALOG_COMPILER_GLOBAL_ACCENT_COLOR_NAME = AccentColor;
				CODE_SIGN_STYLE = Automatic;
				CURRENT_PROJECT_VERSION = 1;
				DEVELOPMENT_TEAM = 29LG774JBH;
				GENERATE_INFOPLIST_FILE = YES;
				INFOPLIST_FILE = RickAndMortyApp/Info.plist;
				INFOPLIST_KEY_UIApplicationSupportsIndirectInputEvents = YES;
				INFOPLIST_KEY_UILaunchStoryboardName = LaunchScreen;
				INFOPLIST_KEY_UIMainStoryboardFile = "";
				INFOPLIST_KEY_UISupportedInterfaceOrientations_iPad = "UIInterfaceOrientationPortrait UIInterfaceOrientationPortraitUpsideDown UIInterfaceOrientationLandscapeLeft UIInterfaceOrientationLandscapeRight";
				INFOPLIST_KEY_UISupportedInterfaceOrientations_iPhone = "UIInterfaceOrientationPortrait UIInterfaceOrientationLandscapeLeft UIInterfaceOrientationLandscapeRight";
				LD_RUNPATH_SEARCH_PATHS = (
					"$(inherited)",
					"@executable_path/Frameworks",
				);
				MARKETING_VERSION = 1.0;
				PRODUCT_BUNDLE_IDENTIFIER = com.Deneme.RickAndMortyApp;
				PRODUCT_NAME = "$(TARGET_NAME)";
				SWIFT_EMIT_LOC_STRINGS = YES;
				SWIFT_VERSION = 5.0;
				TARGETED_DEVICE_FAMILY = "1,2";
			};
			name = Release;
		};
/* End XCBuildConfiguration section */

/* Begin XCConfigurationList section */
		FB88B1112B33761C0082DE1D /* Build configuration list for PBXProject "RickAndMortyApp" */ = {
			isa = XCConfigurationList;
			buildConfigurations = (
				FB88B1282B33761D0082DE1D /* Debug */,
				FB88B1292B33761D0082DE1D /* Release */,
			);
			defaultConfigurationIsVisible = 0;
			defaultConfigurationName = Release;
		};
		FB88B12A2B33761D0082DE1D /* Build configuration list for PBXNativeTarget "RickAndMortyApp" */ = {
			isa = XCConfigurationList;
			buildConfigurations = (
				FB88B12B2B33761D0082DE1D /* Debug */,
				FB88B12C2B33761D0082DE1D /* Release */,
			);
			defaultConfigurationIsVisible = 0;
			defaultConfigurationName = Release;
		};
/* End XCConfigurationList section */
	};
	rootObject = FB88B10E2B33761C0082DE1D /* Project object */;
}
